
Microsoft Visual Studio Solution File, Format Version 11.00
# Visual Studio 2010
Project("{FAE04EC0-301F-11D3-BF4B-00C04F79EFBC}") = "Undo_Stack", "Undo_Stack\Undo_Stack.csproj", "{57D6D7EE-1476-4711-86C9-5BE718057B8E}"
EndProject
Project("{FAE04EC0-301F-11D3-BF4B-00C04F79EFBC}") = "Undo_Stack.Web", "Undo_Stack.Web\Undo_Stack.Web.csproj", "{3B1764F4-BDF0-444F-9FF4-18FB7E1B4207}"
EndProject
Global
	GlobalSection(SolutionConfigurationPlatforms) = preSolution
		Debug|Any CPU = Debug|Any CPU
		Debug|Mixed Platforms = Debug|Mixed Platforms
		Debug|x86 = Debug|x86
		Release|Any CPU = Release|Any CPU
		Release|Mixed Platforms = Release|Mixed Platforms
		Release|x86 = Release|x86
	EndGlobalSection
	GlobalSection(ProjectConfigurationPlatforms) = postSolution
		{57D6D7EE-1476-4711-86C9-5BE718057B8E}.Debug|Any CPU.ActiveCfg = Debug|Any CPU
		{57D6D7EE-1476-4711-86C9-5BE718057B8E}.Debug|Any CPU.Build.0 = Debug|Any CPU
		{57D6D7EE-1476-4711-86C9-5BE718057B8E}.Debug|Mixed Platforms.ActiveCfg = Debug|Any CPU
		{57D6D7EE-1476-4711-86C9-5BE718057B8E}.Debug|Mixed Platforms.Build.0 = Debug|Any CPU
		{57D6D7EE-1476-4711-86C9-5BE718057B8E}.Debug|x86.ActiveCfg = Debug|Any CPU
		{57D6D7EE-1476-4711-86C9-5BE718057B8E}.Release|Any CPU.ActiveCfg = Release|Any CPU
		{57D6D7EE-1476-4711-86C9-5BE718057B8E}.Release|Any CPU.Build.0 = Release|Any CPU
		{57D6D7EE-1476-4711-86C9-5BE718057B8E}.Release|Mixed Platforms.ActiveCfg = Release|Any CPU
		{57D6D7EE-1476-4711-86C9-5BE718057B8E}.Release|Mixed Platforms.Build.0 = Release|Any CPU
		{57D6D7EE-1476-4711-86C9-5BE718057B8E}.Release|x86.ActiveCfg = Release|Any CPU
		{3B1764F4-BDF0-444F-9FF4-18FB7E1B4207}.Debug|Any CPU.ActiveCfg = Debug|Any CPU
		{3B1764F4-BDF0-444F-9FF4-18FB7E1B4207}.Debug|Any CPU.Build.0 = Debug|Any CPU
		{3B1764F4-BDF0-444F-9FF4-18FB7E1B4207}.Debug|Mixed Platforms.ActiveCfg = Debug|Any CPU
		{3B1764F4-BDF0-444F-9FF4-18FB7E1B4207}.Debug|Mixed Platforms.Build.0 = Debug|Any CPU
		{3B1764F4-BDF0-444F-9FF4-18FB7E1B4207}.Debug|x86.ActiveCfg = Debug|Any CPU
		{3B1764F4-BDF0-444F-9FF4-18FB7E1B4207}.Release|Any CPU.ActiveCfg = Release|Any CPU
		{3B1764F4-BDF0-444F-9FF4-18FB7E1B4207}.Release|Any CPU.Build.0 = Release|Any CPU
		{3B1764F4-BDF0-444F-9FF4-18FB7E1B4207}.Release|Mixed Platforms.ActiveCfg = Release|Any CPU
		{3B1764F4-BDF0-444F-9FF4-18FB7E1B4207}.Release|Mixed Platforms.Build.0 = Release|Any CPU
		{3B1764F4-BDF0-444F-9FF4-18FB7E1B4207}.Release|x86.ActiveCfg = Release|Any CPU
	EndGlobalSection
	GlobalSection(SolutionProperties) = preSolution
		HideSolutionNode = FALSE
	EndGlobalSection
EndGlobal
